
Microsoft Visual Studio Solution File, Format Version 12.00
# Visual Studio Version 16
VisualStudioVersion = 16.0.30804.86
MinimumVisualStudioVersion = 10.0.40219.1
Project("{8BC9CEB8-8B4A-11D0-8D11-00A0C91BC942}") = "FunzioniAvanzate", "FunzioniAvanzate\FunzioniAvanzate.vcxproj", "{92DE79FC-4F77-4DA9-B3F2-0DC6E63FBDC2}"
EndProject
Project("{8BC9CEB8-8B4A-11D0-8D11-00A0C91BC942}") = "Namespace", "Namespace\Namespace.vcxproj", "{5634EBA6-9263-48E6-B953-47DF139716FA}"
EndProject
Project("{8BC9CEB8-8B4A-11D0-8D11-00A0C91BC942}") = "Classi", "Classi\Classi.vcxproj", "{483DD863-EF87-4BA1-98F9-E4530E9AC006}"
EndProject
Project("{8BC9CEB8-8B4A-11D0-8D11-00A0C91BC942}") = "Reference", "Reference\Reference.vcxproj", "{FCC9DEB3-7629-4E2D-A27A-5BE7FA6E9360}"
EndProject
Project("{8BC9CEB8-8B4A-11D0-8D11-00A0C91BC942}") = "IOSample", "IOSample\IOSample.vcxproj", "{6A50DC40-9F86-4535-87EB-45FA388F6078}"
EndProject
Project("{8BC9CEB8-8B4A-11D0-8D11-00A0C91BC942}") = "Geometria", "Geometria\Geometria.vcxproj", "{434851CB-80DD-4D22-88F5-1DCEC23A39FB}"
EndProject
Project("{8BC9CEB8-8B4A-11D0-8D11-00A0C91BC942}") = "FileIO", "FileIO\FileIO.vcxproj", "{569FD693-FECE-4FC9-9480-6247EC8487C5}"
EndProject
Global
	GlobalSection(SolutionConfigurationPlatforms) = preSolution
		Debug|x64 = Debug|x64
		Debug|x86 = Debug|x86
		Release|x64 = Release|x64
		Release|x86 = Release|x86
	EndGlobalSection
	GlobalSection(ProjectConfigurationPlatforms) = postSolution
		{92DE79FC-4F77-4DA9-B3F2-0DC6E63FBDC2}.Debug|x64.ActiveCfg = Debug|x64
		{92DE79FC-4F77-4DA9-B3F2-0DC6E63FBDC2}.Debug|x64.Build.0 = Debug|x64
		{92DE79FC-4F77-4DA9-B3F2-0DC6E63FBDC2}.Debug|x86.ActiveCfg = Debug|Win32
		{92DE79FC-4F77-4DA9-B3F2-0DC6E63FBDC2}.Debug|x86.Build.0 = Debug|Win32
		{92DE79FC-4F77-4DA9-B3F2-0DC6E63FBDC2}.Release|x64.ActiveCfg = Release|x64
		{92DE79FC-4F77-4DA9-B3F2-0DC6E63FBDC2}.Release|x64.Build.0 = Release|x64
		{92DE79FC-4F77-4DA9-B3F2-0DC6E63FBDC2}.Release|x86.ActiveCfg = Release|Win32
		{92DE79FC-4F77-4DA9-B3F2-0DC6E63FBDC2}.Release|x86.Build.0 = Release|Win32
		{5634EBA6-9263-48E6-B953-47DF139716FA}.Debug|x64.ActiveCfg = Debug|x64
		{5634EBA6-9263-48E6-B953-47DF139716FA}.Debug|x64.Build.0 = Debug|x64
		{5634EBA6-9263-48E6-B953-47DF139716FA}.Debug|x86.ActiveCfg = Debug|Win32
		{5634EBA6-9263-48E6-B953-47DF139716FA}.Debug|x86.Build.0 = Debug|Win32
		{5634EBA6-9263-48E6-B953-47DF139716FA}.Release|x64.ActiveCfg = Release|x64
		{5634EBA6-9263-48E6-B953-47DF139716FA}.Release|x64.Build.0 = Release|x64
		{5634EBA6-9263-48E6-B953-47DF139716FA}.Release|x86.ActiveCfg = Release|Win32
		{5634EBA6-9263-48E6-B953-47DF139716FA}.Release|x86.Build.0 = Release|Win32
		{483DD863-EF87-4BA1-98F9-E4530E9AC006}.Debug|x64.ActiveCfg = Debug|x64
		{483DD863-EF87-4BA1-98F9-E4530E9AC006}.Debug|x64.Build.0 = Debug|x64
		{483DD863-EF87-4BA1-98F9-E4530E9AC006}.Debug|x86.ActiveCfg = Debug|Win32
		{483DD863-EF87-4BA1-98F9-E4530E9AC006}.Debug|x86.Build.0 = Debug|Win32
		{483DD863-EF87-4BA1-98F9-E4530E9AC006}.Release|x64.ActiveCfg = Release|x64
		{483DD863-EF87-4BA1-98F9-E4530E9AC006}.Release|x64.Build.0 = Release|x64
		{483DD863-EF87-4BA1-98F9-E4530E9AC006}.Release|x86.ActiveCfg = Release|Win32
		{483DD863-EF87-4BA1-98F9-E4530E9AC006}.Release|x86.Build.0 = Release|Win32
		{FCC9DEB3-7629-4E2D-A27A-5BE7FA6E9360}.Debug|x64.ActiveCfg = Debug|x64
		{FCC9DEB3-7629-4E2D-A27A-5BE7FA6E9360}.Debug|x64.Build.0 = Debug|x64
		{FCC9DEB3-7629-4E2D-A27A-5BE7FA6E9360}.Debug|x86.ActiveCfg = Debug|Win32
		{FCC9DEB3-7629-4E2D-A27A-5BE7FA6E9360}.Debug|x86.Build.0 = Debug|Win32
		{FCC9DEB3-7629-4E2D-A27A-5BE7FA6E9360}.Release|x64.ActiveCfg = Release|x64
		{FCC9DEB3-7629-4E2D-A27A-5BE7FA6E9360}.Release|x64.Build.0 = Release|x64
		{FCC9DEB3-7629-4E2D-A27A-5BE7FA6E9360}.Release|x86.ActiveCfg = Release|Win32
		{FCC9DEB3-7629-4E2D-A27A-5BE7FA6E9360}.Release|x86.Build.0 = Release|Win32
		{6A50DC40-9F86-4535-87EB-45FA388F6078}.Debug|x64.ActiveCfg = Debug|x64
		{6A50DC40-9F86-4535-87EB-45FA388F6078}.Debug|x64.Build.0 = Debug|x64
		{6A50DC40-9F86-4535-87EB-45FA388F6078}.Debug|x86.ActiveCfg = Debug|Win32
		{6A50DC40-9F86-4535-87EB-45FA388F6078}.Debug|x86.Build.0 = Debug|Win32
		{6A50DC40-9F86-4535-87EB-45FA388F6078}.Release|x64.ActiveCfg = Release|x64
		{6A50DC40-9F86-4535-87EB-45FA388F6078}.Release|x64.Build.0 = Release|x64
		{6A50DC40-9F86-4535-87EB-45FA388F6078}.Release|x86.ActiveCfg = Release|Win32
		{6A50DC40-9F86-4535-87EB-45FA388F6078}.Release|x86.Build.0 = Release|Win32
		{434851CB-80DD-4D22-88F5-1DCEC23A39FB}.Debug|x64.ActiveCfg = Debug|x64
		{434851CB-80DD-4D22-88F5-1DCEC23A39FB}.Debug|x64.Build.0 = Debug|x64
		{434851CB-80DD-4D22-88F5-1DCEC23A39FB}.Debug|x86.ActiveCfg = Debug|Win32
		{434851CB-80DD-4D22-88F5-1DCEC23A39FB}.Debug|x86.Build.0 = Debug|Win32
		{434851CB-80DD-4D22-88F5-1DCEC23A39FB}.Release|x64.ActiveCfg = Release|x64
		{434851CB-80DD-4D22-88F5-1DCEC23A39FB}.Release|x64.Build.0 = Release|x64
		{434851CB-80DD-4D22-88F5-1DCEC23A39FB}.Release|x86.ActiveCfg = Release|Win32
		{434851CB-80DD-4D22-88F5-1DCEC23A39FB}.Release|x86.Build.0 = Release|Win32
		{569FD693-FECE-4FC9-9480-6247EC8487C5}.Debug|x64.ActiveCfg = Debug|x64
		{569FD693-FECE-4FC9-9480-6247EC8487C5}.Debug|x64.Build.0 = Debug|x64
		{569FD693-FECE-4FC9-9480-6247EC8487C5}.Debug|x86.ActiveCfg = Debug|Win32
		{569FD693-FECE-4FC9-9480-6247EC8487C5}.Debug|x86.Build.0 = Debug|Win32
		{569FD693-FECE-4FC9-9480-6247EC8487C5}.Release|x64.ActiveCfg = Release|x64
		{569FD693-FECE-4FC9-9480-6247EC8487C5}.Release|x64.Build.0 = Release|x64
		{569FD693-FECE-4FC9-9480-6247EC8487C5}.Release|x86.ActiveCfg = Release|Win32
		{569FD693-FECE-4FC9-9480-6247EC8487C5}.Release|x86.Build.0 = Release|Win32
	EndGlobalSection
	GlobalSection(SolutionProperties) = preSolution
		HideSolutionNode = FALSE
	EndGlobalSection
	GlobalSection(ExtensibilityGlobals) = postSolution
		SolutionGuid = {0AF36C2C-85E9-4190-B7D6-1FC8136E0EA9}
	EndGlobalSection
EndGlobal
